
Microsoft Visual Studio Solution File, Format Version 12.00
# Visual Studio Version 17
VisualStudioVersion = 17.6.33801.468
MinimumVisualStudioVersion = 10.0.40219.1
Project("{FAE04EC0-301F-11D3-BF4B-00C04F79EFBC}") = "ResponseService", "ResponseService\ResponseService.csproj", "{1E9A1824-974C-4A42-A3E7-72D77501B4F9}"
EndProject
Project("{FAE04EC0-301F-11D3-BF4B-00C04F79EFBC}") = "RequestService", "RequestService\RequestService.csproj", "{CA594A63-FE1A-4181-A53B-FC460E3A9836}"
EndProject
Global
	GlobalSection(SolutionConfigurationPlatforms) = preSolution
		Debug|Any CPU = Debug|Any CPU
		Release|Any CPU = Release|Any CPU
	EndGlobalSection
	GlobalSection(ProjectConfigurationPlatforms) = postSolution
		{1E9A1824-974C-4A42-A3E7-72D77501B4F9}.Debug|Any CPU.ActiveCfg = Debug|Any CPU
		{1E9A1824-974C-4A42-A3E7-72D77501B4F9}.Debug|Any CPU.Build.0 = Debug|Any CPU
		{1E9A1824-974C-4A42-A3E7-72D77501B4F9}.Release|Any CPU.ActiveCfg = Release|Any CPU
		{1E9A1824-974C-4A42-A3E7-72D77501B4F9}.Release|Any CPU.Build.0 = Release|Any CPU
		{CA594A63-FE1A-4181-A53B-FC460E3A9836}.Debug|Any CPU.ActiveCfg = Debug|Any CPU
		{CA594A63-FE1A-4181-A53B-FC460E3A9836}.Debug|Any CPU.Build.0 = Debug|Any CPU
		{CA594A63-FE1A-4181-A53B-FC460E3A9836}.Release|Any CPU.ActiveCfg = Release|Any CPU
		{CA594A63-FE1A-4181-A53B-FC460E3A9836}.Release|Any CPU.Build.0 = Release|Any CPU
	EndGlobalSection
	GlobalSection(SolutionProperties) = preSolution
		HideSolutionNode = FALSE
	EndGlobalSection
	GlobalSection(ExtensibilityGlobals) = postSolution
		SolutionGuid = {2CE14A40-ED08-4CF3-805A-C6BA2B2F4ED5}
	EndGlobalSection
EndGlobal
